// !$*UTF8*$!
{
	archiveVersion = 1;
	classes = {
	};
	objectVersion = 46;
	objects = {

/* Begin PBXBuildFile section */
		E54C56F1243124B100A32860 /* AppDelegate.swift in Sources */ = {isa = PBXBuildFile; fileRef = E54C56F0243124B100A32860 /* AppDelegate.swift */; };
		E54C56F3243124B100A32860 /* ViewController.swift in Sources */ = {isa = PBXBuildFile; fileRef = E54C56F2243124B100A32860 /* ViewController.swift */; };
		E54C56F6243124B100A32860 /* Main.storyboard in Resources */ = {isa = PBXBuildFile; fileRef = E54C56F4243124B100A32860 /* Main.storyboard */; };
		E54C56F8243124B100A32860 /* Assets.xcassets in Resources */ = {isa = PBXBuildFile; fileRef = E54C56F7243124B100A32860 /* Assets.xcassets */; };
		E54C56FB243124B100A32860 /* LaunchScreen.storyboard in Resources */ = {isa = PBXBuildFile; fileRef = E54C56F9243124B100A32860 /* LaunchScreen.storyboard */; };
/* End PBXBuildFile section */

/* Begin PBXFileReference section */
		E54C56ED243124B100A32860 /* TheChallenge.app */ = {isa = PBXFileReference; explicitFileType = wrapper.application; includeInIndex = 0; path = TheChallenge.app; sourceTree = BUILT_PRODUCTS_DIR; };
		E54C56F0243124B100A32860 /* AppDelegate.swift */ = {isa = PBXFileReference; lastKnownFileType = sourcecode.swift; path = AppDelegate.swift; sourceTree = "<group>"; };
		E54C56F2243124B100A32860 /* ViewController.swift */ = {isa = PBXFileReference; lastKnownFileType = sourcecode.swift; path = ViewController.swift; sourceTree = "<group>"; };
		E54C56F5243124B100A32860 /* Base */ = {isa = PBXFileReference; lastKnownFileType = file.storyboard; name = Base; path = Base.lproj/Main.storyboard; sourceTree = "<group>"; };
		E54C56F7243124B100A32860 /* Assets.xcassets */ = {isa = PBXFileReference; lastKnownFileType = folder.assetcatalog; path = Assets.xcassets; sourceTree = "<group>"; };
		E54C56FA243124B100A32860 /* Base */ = {isa = PBXFileReference; lastKnownFileType = file.storyboard; name = Base; path = Base.lproj/LaunchScreen.storyboard; sourceTree = "<group>"; };
		E54C56FC243124B100A32860 /* Info.plist */ = {isa = PBXFileReference; lastKnownFileType = text.plist.xml; path = Info.plist; sourceTree = "<group>"; };
/* End PBXFileReference section */

/* Begin PBXFrameworksBuildPhase section */
		E54C56EA243124B000A32860 /* Frameworks */ = {
			isa = PBXFrameworksBuildPhase;
			buildActionMask = 2147483647;
			files = (
			);
			runOnlyForDeploymentPostprocessing = 0;
		};
/* End PBXFrameworksBuildPhase section */

/* Begin PBXGroup section */
		E54C56E4243124B000A32860 = {
			isa = PBXGroup;
			children = (
				E54C56EF243124B100A32860 /* TheChallenge */,
				E54C56EE243124B100A32860 /* Products */,
			);
			sourceTree = "<group>";
		};
		E54C56EE243124B100A32860 /* Products */ = {
			isa = PBXGroup;
			children = (
				E54C56ED243124B100A32860 /* TheChallenge.app */,
			);
			name = Products;
			sourceTree = "<group>";
		};
		E54C56EF243124B100A32860 /* TheChallenge */ = {
			isa = PBXGroup;
			children = (
				E54C56F0243124B100A32860 /* AppDelegate.swift */,
				E54C56F2243124B100A32860 /* ViewController.swift */,
				E54C56F4243124B100A32860 /* Main.storyboard */,
				E54C56F7243124B100A32860 /* Assets.xcassets */,
				E54C56F9243124B100A32860 /* LaunchScreen.storyboard */,
				E54C56FC243124B100A32860 /* Info.plist */,
			);
			path = TheChallenge;
			sourceTree = "<group>";
		};
/* End PBXGroup section */

/* Begin PBXNativeTarget section */
		E54C56EC243124B000A32860 /* TheChallenge */ = {
			isa = PBXNativeTarget;
			buildConfigurationList = E54C56FF243124B100A32860 /* Build configuration list for PBXNativeTarget "TheChallenge" */;
			buildPhases = (
				E54C56E9243124B000A32860 /* Sources */,
				E54C56EA243124B000A32860 /* Frameworks */,
				E54C56EB243124B000A32860 /* Resources */,
			);
			buildRules = (
			);
			dependencies = (
			);
			name = TheChallenge;
			productName = TheChallenge;
			productReference = E54C56ED243124B100A32860 /* TheChallenge.app */;
			productType = "com.apple.product-type.application";
		};
/* End PBXNativeTarget section */

/* Begin PBXProject section */
		E54C56E5243124B000A32860 /* Project object */ = {
			isa = PBXProject;
			attributes = {
				LastSwiftUpdateCheck = 0820;
				LastUpgradeCheck = 0820;
				ORGANIZATIONNAME = TheChallenge;
				TargetAttributes = {
					E54C56EC243124B000A32860 = {
						CreatedOnToolsVersion = 8.2;
						ProvisioningStyle = Automatic;
					};
				};
			};
			buildConfigurationList = E54C56E8243124B000A32860 /* Build configuration list for PBXProject "TheChallenge" */;
			compatibilityVersion = "Xcode 3.2";
			developmentRegion = English;
			hasScannedForEncodings = 0;
			knownRegions = (
				en,
				Base,
			);
			mainGroup = E54C56E4243124B000A32860;
			productRefGroup = E54C56EE243124B100A32860 /* Products */;
			projectDirPath = "";
			projectRoot = "";
			targets = (
				E54C56EC243124B000A32860 /* TheChallenge */,
			);
		};
/* End PBXProject section */

/* Begin PBXResourcesBuildPhase section */
		E54C56EB243124B000A32860 /* Resources */ = {
			isa = PBXResourcesBuildPhase;
			buildActionMask = 2147483647;
			files = (
				E54C56FB243124B100A32860 /* LaunchScreen.storyboard in Resources */,
				E54C56F8243124B100A32860 /* Assets.xcassets in Resources */,
				E54C56F6243124B100A32860 /* Main.storyboard in Resources */,
			);
			runOnlyForDeploymentPostprocessing = 0;
		};
/* End PBXResourcesBuildPhase section */

/* Begin PBXSourcesBuildPhase section */
		E54C56E9243124B000A32860 /* Sources */ = {
			isa = PBXSourcesBuildPhase;
			buildActionMask = 2147483647;
			files = (
				E54C56F3243124B100A32860 /* ViewController.swift in Sources */,
				E54C56F1243124B100A32860 /* AppDelegate.swift in Sources */,
			);
			runOnlyForDeploymentPostprocessing = 0;
		};
/* End PBXSourcesBuildPhase section */

/* Begin PBXVariantGroup section */
		E54C56F4243124B100A32860 /* Main.storyboard */ = {
			isa = PBXVariantGroup;
			children = (
				E54C56F5243124B100A32860 /* Base */,
			);
			name = Main.storyboard;
			sourceTree = "<group>";
		};
		E54C56F9243124B100A32860 /* LaunchScreen.storyboard */ = {
			isa = PBXVariantGroup;
			children = (
				E54C56FA243124B100A32860 /* Base */,
			);
			name = LaunchScreen.storyboard;
			sourceTree = "<group>";
		};
/* End PBXVariantGroup section */

/* Begin XCBuildConfiguration section */
		E54C56FD243124B100A32860 /* Debug */ = {
			isa = XCBuildConfiguration;
			buildSettings = {
				ALWAYS_SEARCH_USER_PATHS = NO;
				CLANG_ANALYZER_NONNULL = YES;
				CLANG_CXX_LANGUAGE_STANDARD = "gnu++0x";
				CLANG_CXX_LIBRARY = "libc++";
				CLANG_ENABLE_MODULES = YES;
				CLANG_ENABLE_OBJC_ARC = YES;
				CLANG_WARN_BOOL_CONVERSION = YES;
				CLANG_WARN_CONSTANT_CONVERSION = YES;
				CLANG_WARN_DIRECT_OBJC_ISA_USAGE = YES_ERROR;
				CLANG_WARN_DOCUMENTATION_COMMENTS = YES;
				CLANG_WARN_EMPTY_BODY = YES;
				CLANG_WARN_ENUM_CONVERSION = YES;
				CLANG_WARN_INFINITE_RECURSION = YES;
				CLANG_WARN_INT_CONVERSION = YES;
				CLANG_WARN_OBJC_ROOT_CLASS = YES_ERROR;
				CLANG_WARN_SUSPICIOUS_MOVE = YES;
				CLANG_WARN_UNREACHABLE_CODE = YES;
				CLANG_WARN__DUPLICATE_METHOD_MATCH = YES;
				"CODE_SIGN_IDENTITY[sdk=iphoneos*]" = "iPhone Developer";
				COPY_PHASE_STRIP = NO;
				DEBUG_INFORMATION_FORMAT = dwarf;
				ENABLE_STRICT_OBJC_MSGSEND = YES;
				ENABLE_TESTABILITY = YES;
				GCC_C_LANGUAGE_STANDARD = gnu99;
				GCC_DYNAMIC_NO_PIC = NO;
				GCC_NO_COMMON_BLOCKS = YES;
				GCC_OPTIMIZATION_LEVEL = 0;
				GCC_PREPROCESSOR_DEFINITIONS = (
					"DEBUG=1",
					"$(inherited)",
				);
				GCC_WARN_64_TO_32_BIT_CONVERSION = YES;
				GCC_WARN_ABOUT_RETURN_TYPE = YES_ERROR;
				GCC_WARN_UNDECLARED_SELECTOR = YES;
				GCC_WARN_UNINITIALIZED_AUTOS = YES_AGGRESSIVE;
				GCC_WARN_UNUSED_FUNCTION = YES;
				GCC_WARN_UNUSED_VARIABLE = YES;
				IPHONEOS_DEPLOYMENT_TARGET = 10.2;
				MTL_ENABLE_DEBUG_INFO = YES;
				ONLY_ACTIVE_ARCH = YES;
				SDKROOT = iphoneos;
				SWIFT_ACTIVE_COMPILATION_CONDITIONS = DEBUG;
				SWIFT_OPTIMIZATION_LEVEL = "-Onone";
				TARGETED_DEVICE_FAMILY = "1,2";
			};
			name = Debug;
		};
		E54C56FE243124B100A32860 /* Release */ = {
			isa = XCBuildConfiguration;
			buildSettings = {
				ALWAYS_SEARCH_USER_PATHS = NO;
				CLANG_ANALYZER_NONNULL = YES;
				CLANG_CXX_LANGUAGE_STANDARD = "gnu++0x";
				CLANG_CXX_LIBRARY = "libc++";
				CLANG_ENABLE_MODULES = YES;
				CLANG_ENABLE_OBJC_ARC = YES;
				CLANG_WARN_BOOL_CONVERSION = YES;
				CLANG_WARN_CONSTANT_CONVERSION = YES;
				CLANG_WARN_DIRECT_OBJC_ISA_USAGE = YES_ERROR;
				CLANG_WARN_DOCUMENTATION_COMMENTS = YES;
				CLANG_WARN_EMPTY_BODY = YES;
				CLANG_WARN_ENUM_CONVERSION = YES;
				CLANG_WARN_INFINITE_RECURSION = YES;
				CLANG_WARN_INT_CONVERSION = YES;
				CLANG_WARN_OBJC_ROOT_CLASS = YES_ERROR;
				CLANG_WARN_SUSPICIOUS_MOVE = YES;
				CLANG_WARN_UNREACHABLE_CODE = YES;
				CLANG_WARN__DUPLICATE_METHOD_MATCH = YES;
				"CODE_SIGN_IDENTITY[sdk=iphoneos*]" = "iPhone Developer";
				COPY_PHASE_STRIP = NO;
				DEBUG_INFORMATION_FORMAT = "dwarf-with-dsym";
				ENABLE_NS_ASSERTIONS = NO;
				ENABLE_STRICT_OBJC_MSGSEND = YES;
				GCC_C_LANGUAGE_STANDARD = gnu99;
				GCC_NO_COMMON_BLOCKS = YES;
				GCC_WARN_64_TO_32_BIT_CONVERSION = YES;
				GCC_WARN_ABOUT_RETURN_TYPE = YES_ERROR;
				GCC_WARN_UNDECLARED_SELECTOR = YES;
				GCC_WARN_UNINITIALIZED_AUTOS = YES_AGGRESSIVE;
				GCC_WARN_UNUSED_FUNCTION = YES;
				GCC_WARN_UNUSED_VARIABLE = YES;
				IPHONEOS_DEPLOYMENT_TARGET = 10.2;
				MTL_ENABLE_DEBUG_INFO = NO;
				SDKROOT = iphoneos;
				SWIFT_OPTIMIZATION_LEVEL = "-Owholemodule";
				TARGETED_DEVICE_FAMILY = "1,2";
				VALIDATE_PRODUCT = YES;
			};
			name = Release;
		};
		E54C5700243124B100A32860 /* Debug */ = {
			isa = XCBuildConfiguration;
			buildSettings = {
				ASSETCATALOG_COMPILER_APPICON_NAME = AppIcon;
				INFOPLIST_FILE = TheChallenge/Info.plist;
				LD_RUNPATH_SEARCH_PATHS = "$(inherited) @executable_path/Frameworks";
				PRODUCT_BUNDLE_IDENTIFIER = Sinem.TheChallenge;
				PRODUCT_NAME = "$(TARGET_NAME)";
				SWIFT_VERSION = 3.0;
			};
			name = Debug;
		};
		E54C5701243124B100A32860 /* Release */ = {
			isa = XCBuildConfiguration;
			buildSettings = {
				ASSETCATALOG_COMPILER_APPICON_NAME = AppIcon;
				INFOPLIST_FILE = TheChallenge/Info.plist;
				LD_RUNPATH_SEARCH_PATHS = "$(inherited) @executable_path/Frameworks";
				PRODUCT_BUNDLE_IDENTIFIER = Sinem.TheChallenge;
				PRODUCT_NAME = "$(TARGET_NAME)";
				SWIFT_VERSION = 3.0;
			};
			name = Release;
		};
/* End XCBuildConfiguration section */

/* Begin XCConfigurationList section */
		E54C56E8243124B000A32860 /* Build configuration list for PBXProject "TheChallenge" */ = {
			isa = XCConfigurationList;
			buildConfigurations = (
				E54C56FD243124B100A32860 /* Debug */,
				E54C56FE243124B100A32860 /* Release */,
			);
			defaultConfigurationIsVisible = 0;
			defaultConfigurationName = Release;
		};
		E54C56FF243124B100A32860 /* Build configuration list for PBXNativeTarget "TheChallenge" */ = {
			isa = XCConfigurationList;
			buildConfigurations = (
				E54C5700243124B100A32860 /* Debug */,
				E54C5701243124B100A32860 /* Release */,
			);
			defaultConfigurationIsVisible = 0;
		};
/* End XCConfigurationList section */
	};
	rootObject = E54C56E5243124B000A32860 /* Project object */;
}
